// !$*UTF8*$!
{
	archiveVersion = 1;
	classes = {
	};
	objectVersion = 77;
	objects = {

/* Begin PBXBuildFile section */
		04CC645E800401B901D9696F /* BlogSettingsView.swift in Sources */ = {isa = PBXBuildFile; fileRef = 1ACA5B4BF01AE475BDCAD3AA /* BlogSettingsView.swift */; };
		0D046B4F86428050CF3B7C82 /* ContentView.swift in Sources */ = {isa = PBXBuildFile; fileRef = 22966EA63DE25C92D69E99DD /* ContentView.swift */; };
		0F3C797B8A50E4E0BC1D37EB /* LoginView.swift in Sources */ = {isa = PBXBuildFile; fileRef = 741C0D64D533BB2A875C97D1 /* LoginView.swift */; };
		1298C6AD4D168EB20A407F32 /* BlockWidgetView.swift in Sources */ = {isa = PBXBuildFile; fileRef = C54271124AE81FBD22A84E55 /* BlockWidgetView.swift */; };
		176BD8B512E79E2AD17DFE45 /* BlogModels.swift in Sources */ = {isa = PBXBuildFile; fileRef = 40740E66D14A56BE618FCEB7 /* BlogModels.swift */; };
		2D8FEBD8FDA87BDB04FEFF57 /* AuthModels.swift in Sources */ = {isa = PBXBuildFile; fileRef = AE4AAFB2C1950FFB0B83A13E /* AuthModels.swift */; };
		30C3F0EFC19412CB59CD0054 /* BreakroomApp.swift in Sources */ = {isa = PBXBuildFile; fileRef = 3491AEA29BD6F8A50CFEB027 /* BreakroomApp.swift */; };
		315DFD6BD2D5DD752F107FBC /* CreateRoomView.swift in Sources */ = {isa = PBXBuildFile; fileRef = 3D8025FE9D557ABCB435B436 /* CreateRoomView.swift */; };
		315F439ED108EB006F597A77 /* BreakroomModels.swift in Sources */ = {isa = PBXBuildFile; fileRef = 4DC374D30CE9C2D552045FAF /* BreakroomModels.swift */; };
		355A9AD47D937E0C3825C747 /* KeychainManager.swift in Sources */ = {isa = PBXBuildFile; fileRef = EBEBCF770DE226656F2EEB53 /* KeychainManager.swift */; };
		36B159C6E7FF0974FC237611 /* SignupView.swift in Sources */ = {isa = PBXBuildFile; fileRef = 5FB57CE1D061C3414AF0E0CD /* SignupView.swift */; };
		3B695D203E20F3B546773DB2 /* InviteUsersView.swift in Sources */ = {isa = PBXBuildFile; fileRef = 13784734C91770B11F74CE8D /* InviteUsersView.swift */; };
		4106D7529283A4856C0F5980 /* BlogManagementView.swift in Sources */ = {isa = PBXBuildFile; fileRef = 4278DCD1E69862C0582F1090 /* BlogManagementView.swift */; };
		446345F21ED087B5741FA337 /* SocketManager.swift in Sources */ = {isa = PBXBuildFile; fileRef = 28D5DA10CFED0F50F89FDF3D /* SocketManager.swift */; };
		44D936346020D1B0CEE657B4 /* ChatModels.swift in Sources */ = {isa = PBXBuildFile; fileRef = D7B4B3CB776F4FF533F31177 /* ChatModels.swift */; };
		4E65E0C67E3008EE53B49C45 /* BlogPostView.swift in Sources */ = {isa = PBXBuildFile; fileRef = 6CE02A450FDF8385DEF3420E /* BlogPostView.swift */; };
		4F1E91F7297C48358547E6E1 /* SocketIO in Frameworks */ = {isa = PBXBuildFile; productRef = 05BB53121E6C9220E5091E05 /* SocketIO */; };
		4FB924B5C4A12F3B06E3DF27 /* AuthService.swift in Sources */ = {isa = PBXBuildFile; fileRef = 3AA0A819B1816531F0433D4C /* AuthService.swift */; };
		5024134194D17D5AAF64B2BC /* BlogEditorView.swift in Sources */ = {isa = PBXBuildFile; fileRef = A3620C9CA4480F805E75A34A /* BlogEditorView.swift */; };
		5B55DAB8E704A4389D0522D5 /* BlogAPIService.swift in Sources */ = {isa = PBXBuildFile; fileRef = A77C18853F8F4E57876C8998 /* BlogAPIService.swift */; };
		62668FF4CE7AB705BA98C472 /* Assets.xcassets in Resources */ = {isa = PBXBuildFile; fileRef = 93641ABA680BAA7434EC3C66 /* Assets.xcassets */; };
		762344AAD5E2CB18B316FB87 /* ChatRoomView.swift in Sources */ = {isa = PBXBuildFile; fileRef = 130DAB511D587688461B04EE /* ChatRoomView.swift */; };
		9CB6DD631C40F07AC1A7B9EA /* BreakroomViewModel.swift in Sources */ = {isa = PBXBuildFile; fileRef = 1C51EEBF4375ED97E18E8D80 /* BreakroomViewModel.swift */; };
		A548310E89878F6952E2B87C /* Preview Assets.xcassets in Resources */ = {isa = PBXBuildFile; fileRef = 013B71C54903F120BD58452A /* Preview Assets.xcassets */; };
		A74769456CE90C1D9159FBF9 /* ChatListView.swift in Sources */ = {isa = PBXBuildFile; fileRef = DED8FDFB3748D4E3B76B622F /* ChatListView.swift */; };
		AE9E1A377A8F1FDC3E15AF40 /* ChatWidget.swift in Sources */ = {isa = PBXBuildFile; fileRef = EFC036B11D3A8C46F7D860A6 /* ChatWidget.swift */; };
		B57F768D5DB8E0B17D2D0903 /* ChatAPIService.swift in Sources */ = {isa = PBXBuildFile; fileRef = 837C577D69014B7BE3E8B0A3 /* ChatAPIService.swift */; };
		B903EFE34AE2CA79BD4C5100 /* EditRoomView.swift in Sources */ = {isa = PBXBuildFile; fileRef = 5F163E417C694785B9F62DA9 /* EditRoomView.swift */; };
		CEBB32AFE49C571E8BDC1511 /* BreakroomView.swift in Sources */ = {isa = PBXBuildFile; fileRef = 664D6C1E857ACE07479BED4B /* BreakroomView.swift */; };
		DF5B45B76D8E67B000CB7C5D /* APIClient.swift in Sources */ = {isa = PBXBuildFile; fileRef = 711606DB3235C27FE38591F0 /* APIClient.swift */; };
		E1BB88F8C63629EF1D14D03F /* BreakroomAPIService.swift in Sources */ = {isa = PBXBuildFile; fileRef = 1E713F0271C86DF90989F178 /* BreakroomAPIService.swift */; };
		EA86F43DC257C19525C4834B /* AuthViewModel.swift in Sources */ = {isa = PBXBuildFile; fileRef = 2DEF35DD888AA3F1ADE0E330 /* AuthViewModel.swift */; };
		FB2A34E96D094CD237F9DCD7 /* ChatViewModel.swift in Sources */ = {isa = PBXBuildFile; fileRef = BAB122D13BA8F65E83C6AB63 /* ChatViewModel.swift */; };
		FE1EF55A761C9A80859ABE56 /* User.swift in Sources */ = {isa = PBXBuildFile; fileRef = 1D9AC9F72B4CED61F085EAD7 /* User.swift */; };
/* End PBXBuildFile section */

/* Begin PBXFileReference section */
		013B71C54903F120BD58452A /* Preview Assets.xcassets */ = {isa = PBXFileReference; lastKnownFileType = folder.assetcatalog; path = "Preview Assets.xcassets"; sourceTree = "<group>"; };
		0A8D398682165173267FE358 /* Breakroom.app */ = {isa = PBXFileReference; includeInIndex = 0; lastKnownFileType = wrapper.application; path = Breakroom.app; sourceTree = BUILT_PRODUCTS_DIR; };
		130DAB511D587688461B04EE /* ChatRoomView.swift */ = {isa = PBXFileReference; lastKnownFileType = sourcecode.swift; path = ChatRoomView.swift; sourceTree = "<group>"; };
		13784734C91770B11F74CE8D /* InviteUsersView.swift */ = {isa = PBXFileReference; lastKnownFileType = sourcecode.swift; path = InviteUsersView.swift; sourceTree = "<group>"; };
		1ACA5B4BF01AE475BDCAD3AA /* BlogSettingsView.swift */ = {isa = PBXFileReference; lastKnownFileType = sourcecode.swift; path = BlogSettingsView.swift; sourceTree = "<group>"; };
		1C51EEBF4375ED97E18E8D80 /* BreakroomViewModel.swift */ = {isa = PBXFileReference; lastKnownFileType = sourcecode.swift; path = BreakroomViewModel.swift; sourceTree = "<group>"; };
		1D9AC9F72B4CED61F085EAD7 /* User.swift */ = {isa = PBXFileReference; lastKnownFileType = sourcecode.swift; path = User.swift; sourceTree = "<group>"; };
		1E713F0271C86DF90989F178 /* BreakroomAPIService.swift */ = {isa = PBXFileReference; lastKnownFileType = sourcecode.swift; path = BreakroomAPIService.swift; sourceTree = "<group>"; };
		22966EA63DE25C92D69E99DD /* ContentView.swift */ = {isa = PBXFileReference; lastKnownFileType = sourcecode.swift; path = ContentView.swift; sourceTree = "<group>"; };
		28D5DA10CFED0F50F89FDF3D /* SocketManager.swift */ = {isa = PBXFileReference; lastKnownFileType = sourcecode.swift; path = SocketManager.swift; sourceTree = "<group>"; };
		2DEF35DD888AA3F1ADE0E330 /* AuthViewModel.swift */ = {isa = PBXFileReference; lastKnownFileType = sourcecode.swift; path = AuthViewModel.swift; sourceTree = "<group>"; };
		3491AEA29BD6F8A50CFEB027 /* BreakroomApp.swift */ = {isa = PBXFileReference; lastKnownFileType = sourcecode.swift; path = BreakroomApp.swift; sourceTree = "<group>"; };
		3AA0A819B1816531F0433D4C /* AuthService.swift */ = {isa = PBXFileReference; lastKnownFileType = sourcecode.swift; path = AuthService.swift; sourceTree = "<group>"; };
		3D8025FE9D557ABCB435B436 /* CreateRoomView.swift */ = {isa = PBXFileReference; lastKnownFileType = sourcecode.swift; path = CreateRoomView.swift; sourceTree = "<group>"; };
		40740E66D14A56BE618FCEB7 /* BlogModels.swift */ = {isa = PBXFileReference; lastKnownFileType = sourcecode.swift; path = BlogModels.swift; sourceTree = "<group>"; };
		4278DCD1E69862C0582F1090 /* BlogManagementView.swift */ = {isa = PBXFileReference; lastKnownFileType = sourcecode.swift; path = BlogManagementView.swift; sourceTree = "<group>"; };
		4DC374D30CE9C2D552045FAF /* BreakroomModels.swift */ = {isa = PBXFileReference; lastKnownFileType = sourcecode.swift; path = BreakroomModels.swift; sourceTree = "<group>"; };
		5F163E417C694785B9F62DA9 /* EditRoomView.swift */ = {isa = PBXFileReference; lastKnownFileType = sourcecode.swift; path = EditRoomView.swift; sourceTree = "<group>"; };
		5FB57CE1D061C3414AF0E0CD /* SignupView.swift */ = {isa = PBXFileReference; lastKnownFileType = sourcecode.swift; path = SignupView.swift; sourceTree = "<group>"; };
		664D6C1E857ACE07479BED4B /* BreakroomView.swift */ = {isa = PBXFileReference; lastKnownFileType = sourcecode.swift; path = BreakroomView.swift; sourceTree = "<group>"; };
		6CE02A450FDF8385DEF3420E /* BlogPostView.swift */ = {isa = PBXFileReference; lastKnownFileType = sourcecode.swift; path = BlogPostView.swift; sourceTree = "<group>"; };
		711606DB3235C27FE38591F0 /* APIClient.swift */ = {isa = PBXFileReference; lastKnownFileType = sourcecode.swift; path = APIClient.swift; sourceTree = "<group>"; };
		741C0D64D533BB2A875C97D1 /* LoginView.swift */ = {isa = PBXFileReference; lastKnownFileType = sourcecode.swift; path = LoginView.swift; sourceTree = "<group>"; };
		837C577D69014B7BE3E8B0A3 /* ChatAPIService.swift */ = {isa = PBXFileReference; lastKnownFileType = sourcecode.swift; path = ChatAPIService.swift; sourceTree = "<group>"; };
		93641ABA680BAA7434EC3C66 /* Assets.xcassets */ = {isa = PBXFileReference; lastKnownFileType = folder.assetcatalog; path = Assets.xcassets; sourceTree = "<group>"; };
		A3620C9CA4480F805E75A34A /* BlogEditorView.swift */ = {isa = PBXFileReference; lastKnownFileType = sourcecode.swift; path = BlogEditorView.swift; sourceTree = "<group>"; };
		A77C18853F8F4E57876C8998 /* BlogAPIService.swift */ = {isa = PBXFileReference; lastKnownFileType = sourcecode.swift; path = BlogAPIService.swift; sourceTree = "<group>"; };
		AE4AAFB2C1950FFB0B83A13E /* AuthModels.swift */ = {isa = PBXFileReference; lastKnownFileType = sourcecode.swift; path = AuthModels.swift; sourceTree = "<group>"; };
		BAB122D13BA8F65E83C6AB63 /* ChatViewModel.swift */ = {isa = PBXFileReference; lastKnownFileType = sourcecode.swift; path = ChatViewModel.swift; sourceTree = "<group>"; };
		C54271124AE81FBD22A84E55 /* BlockWidgetView.swift */ = {isa = PBXFileReference; lastKnownFileType = sourcecode.swift; path = BlockWidgetView.swift; sourceTree = "<group>"; };
		D7B4B3CB776F4FF533F31177 /* ChatModels.swift */ = {isa = PBXFileReference; lastKnownFileType = sourcecode.swift; path = ChatModels.swift; sourceTree = "<group>"; };
		DED8FDFB3748D4E3B76B622F /* ChatListView.swift */ = {isa = PBXFileReference; lastKnownFileType = sourcecode.swift; path = ChatListView.swift; sourceTree = "<group>"; };
		EBEBCF770DE226656F2EEB53 /* KeychainManager.swift */ = {isa = PBXFileReference; lastKnownFileType = sourcecode.swift; path = KeychainManager.swift; sourceTree = "<group>"; };
		EFC036B11D3A8C46F7D860A6 /* ChatWidget.swift */ = {isa = PBXFileReference; lastKnownFileType = sourcecode.swift; path = ChatWidget.swift; sourceTree = "<group>"; };
/* End PBXFileReference section */

/* Begin PBXFrameworksBuildPhase section */
		731C48FA200963B1CFB490C9 /* Frameworks */ = {
			isa = PBXFrameworksBuildPhase;
			buildActionMask = 2147483647;
			files = (
				4F1E91F7297C48358547E6E1 /* SocketIO in Frameworks */,
			);
			runOnlyForDeploymentPostprocessing = 0;
		};
/* End PBXFrameworksBuildPhase section */

/* Begin PBXGroup section */
		0DAD9671B089DECE30BCFA00 /* Views */ = {
			isa = PBXGroup;
			children = (
				6624944EE960DAF195368039 /* Auth */,
				E2DF196B5E353D644DD9FDE9 /* Blog */,
				8CD871E9860C7645C09AE129 /* Breakroom */,
				8AE094EB25F9EBB7F753CE91 /* Chat */,
			);
			path = Views;
			sourceTree = "<group>";
		};
		615FD30E066A07B3076F9236 /* Services */ = {
			isa = PBXGroup;
			children = (
				711606DB3235C27FE38591F0 /* APIClient.swift */,
				3AA0A819B1816531F0433D4C /* AuthService.swift */,
				A77C18853F8F4E57876C8998 /* BlogAPIService.swift */,
				1E713F0271C86DF90989F178 /* BreakroomAPIService.swift */,
				837C577D69014B7BE3E8B0A3 /* ChatAPIService.swift */,
				EBEBCF770DE226656F2EEB53 /* KeychainManager.swift */,
				28D5DA10CFED0F50F89FDF3D /* SocketManager.swift */,
			);
			path = Services;
			sourceTree = "<group>";
		};
		65BA2B58FE7CF295E70A82F9 /* ViewModels */ = {
			isa = PBXGroup;
			children = (
				2DEF35DD888AA3F1ADE0E330 /* AuthViewModel.swift */,
				1C51EEBF4375ED97E18E8D80 /* BreakroomViewModel.swift */,
				BAB122D13BA8F65E83C6AB63 /* ChatViewModel.swift */,
			);
			path = ViewModels;
			sourceTree = "<group>";
		};
		6624944EE960DAF195368039 /* Auth */ = {
			isa = PBXGroup;
			children = (
				741C0D64D533BB2A875C97D1 /* LoginView.swift */,
				5FB57CE1D061C3414AF0E0CD /* SignupView.swift */,
			);
			path = Auth;
			sourceTree = "<group>";
		};
		6F510BCC0EE43DA5F9143C59 /* Products */ = {
			isa = PBXGroup;
			children = (
				0A8D398682165173267FE358 /* Breakroom.app */,
			);
			name = Products;
			sourceTree = "<group>";
		};
		727682F0A609E51FDA008095 = {
			isa = PBXGroup;
			children = (
				7621F188C9DD9CB3DE8DBB5C /* Breakroom */,
				6F510BCC0EE43DA5F9143C59 /* Products */,
			);
			sourceTree = "<group>";
		};
		7621F188C9DD9CB3DE8DBB5C /* Breakroom */ = {
			isa = PBXGroup;
			children = (
				93641ABA680BAA7434EC3C66 /* Assets.xcassets */,
				3491AEA29BD6F8A50CFEB027 /* BreakroomApp.swift */,
				22966EA63DE25C92D69E99DD /* ContentView.swift */,
				A6841191FCF3B49A453510AD /* Models */,
				A80C1A2A56281C051CEC5A56 /* Preview Content */,
				615FD30E066A07B3076F9236 /* Services */,
				65BA2B58FE7CF295E70A82F9 /* ViewModels */,
				0DAD9671B089DECE30BCFA00 /* Views */,
			);
			path = Breakroom;
			sourceTree = "<group>";
		};
		8AE094EB25F9EBB7F753CE91 /* Chat */ = {
			isa = PBXGroup;
			children = (
				DED8FDFB3748D4E3B76B622F /* ChatListView.swift */,
				130DAB511D587688461B04EE /* ChatRoomView.swift */,
				3D8025FE9D557ABCB435B436 /* CreateRoomView.swift */,
				5F163E417C694785B9F62DA9 /* EditRoomView.swift */,
				13784734C91770B11F74CE8D /* InviteUsersView.swift */,
			);
			path = Chat;
			sourceTree = "<group>";
		};
		8CD871E9860C7645C09AE129 /* Breakroom */ = {
			isa = PBXGroup;
			children = (
				C54271124AE81FBD22A84E55 /* BlockWidgetView.swift */,
				6CE02A450FDF8385DEF3420E /* BlogPostView.swift */,
				664D6C1E857ACE07479BED4B /* BreakroomView.swift */,
				EFC036B11D3A8C46F7D860A6 /* ChatWidget.swift */,
			);
			path = Breakroom;
			sourceTree = "<group>";
		};
		A6841191FCF3B49A453510AD /* Models */ = {
			isa = PBXGroup;
			children = (
				AE4AAFB2C1950FFB0B83A13E /* AuthModels.swift */,
				40740E66D14A56BE618FCEB7 /* BlogModels.swift */,
				4DC374D30CE9C2D552045FAF /* BreakroomModels.swift */,
				D7B4B3CB776F4FF533F31177 /* ChatModels.swift */,
				1D9AC9F72B4CED61F085EAD7 /* User.swift */,
			);
			path = Models;
			sourceTree = "<group>";
		};
		A80C1A2A56281C051CEC5A56 /* Preview Content */ = {
			isa = PBXGroup;
			children = (
				013B71C54903F120BD58452A /* Preview Assets.xcassets */,
			);
			path = "Preview Content";
			sourceTree = "<group>";
		};
		E2DF196B5E353D644DD9FDE9 /* Blog */ = {
			isa = PBXGroup;
			children = (
				A3620C9CA4480F805E75A34A /* BlogEditorView.swift */,
				4278DCD1E69862C0582F1090 /* BlogManagementView.swift */,
				1ACA5B4BF01AE475BDCAD3AA /* BlogSettingsView.swift */,
			);
			path = Blog;
			sourceTree = "<group>";
		};
/* End PBXGroup section */

/* Begin PBXNativeTarget section */
		FC5BF643263E8852D80265AD /* Breakroom */ = {
			isa = PBXNativeTarget;
			buildConfigurationList = 73D00B7DE93FAA95A8A0BDBF /* Build configuration list for PBXNativeTarget "Breakroom" */;
			buildPhases = (
				D9167CD54A0276F1D0FE0EC2 /* Sources */,
				CC3613D8EDB1BBACDA508B20 /* Resources */,
				731C48FA200963B1CFB490C9 /* Frameworks */,
			);
			buildRules = (
			);
			dependencies = (
			);
			name = Breakroom;
			packageProductDependencies = (
				05BB53121E6C9220E5091E05 /* SocketIO */,
			);
			productName = Breakroom;
			productReference = 0A8D398682165173267FE358 /* Breakroom.app */;
			productType = "com.apple.product-type.application";
		};
/* End PBXNativeTarget section */

/* Begin PBXProject section */
		C8A376CBF54D499631D4E426 /* Project object */ = {
			isa = PBXProject;
			attributes = {
				BuildIndependentTargetsInParallel = YES;
				LastUpgradeCheck = 2620;
				TargetAttributes = {
					FC5BF643263E8852D80265AD = {
						ProvisioningStyle = Automatic;
					};
				};
			};
			buildConfigurationList = F7416F31527A0C761CE216AB /* Build configuration list for PBXProject "Breakroom" */;
			compatibilityVersion = "Xcode 14.0";
			developmentRegion = en;
			hasScannedForEncodings = 0;
			knownRegions = (
				Base,
				en,
			);
			mainGroup = 727682F0A609E51FDA008095;
			minimizedProjectReferenceProxies = 1;
			packageReferences = (
				DEBE64F5038E786E79222860 /* XCRemoteSwiftPackageReference "socket.io-client-swift" */,
			);
			preferredProjectObjectVersion = 77;
			projectDirPath = "";
			projectRoot = "";
			targets = (
				FC5BF643263E8852D80265AD /* Breakroom */,
			);
		};
/* End PBXProject section */

/* Begin PBXResourcesBuildPhase section */
		CC3613D8EDB1BBACDA508B20 /* Resources */ = {
			isa = PBXResourcesBuildPhase;
			buildActionMask = 2147483647;
			files = (
				62668FF4CE7AB705BA98C472 /* Assets.xcassets in Resources */,
				A548310E89878F6952E2B87C /* Preview Assets.xcassets in Resources */,
			);
			runOnlyForDeploymentPostprocessing = 0;
		};
/* End PBXResourcesBuildPhase section */

/* Begin PBXSourcesBuildPhase section */
		D9167CD54A0276F1D0FE0EC2 /* Sources */ = {
			isa = PBXSourcesBuildPhase;
			buildActionMask = 2147483647;
			files = (
				DF5B45B76D8E67B000CB7C5D /* APIClient.swift in Sources */,
				2D8FEBD8FDA87BDB04FEFF57 /* AuthModels.swift in Sources */,
				4FB924B5C4A12F3B06E3DF27 /* AuthService.swift in Sources */,
				EA86F43DC257C19525C4834B /* AuthViewModel.swift in Sources */,
				1298C6AD4D168EB20A407F32 /* BlockWidgetView.swift in Sources */,
				5B55DAB8E704A4389D0522D5 /* BlogAPIService.swift in Sources */,
				5024134194D17D5AAF64B2BC /* BlogEditorView.swift in Sources */,
				4106D7529283A4856C0F5980 /* BlogManagementView.swift in Sources */,
				176BD8B512E79E2AD17DFE45 /* BlogModels.swift in Sources */,
				4E65E0C67E3008EE53B49C45 /* BlogPostView.swift in Sources */,
				04CC645E800401B901D9696F /* BlogSettingsView.swift in Sources */,
				E1BB88F8C63629EF1D14D03F /* BreakroomAPIService.swift in Sources */,
				30C3F0EFC19412CB59CD0054 /* BreakroomApp.swift in Sources */,
				315F439ED108EB006F597A77 /* BreakroomModels.swift in Sources */,
				CEBB32AFE49C571E8BDC1511 /* BreakroomView.swift in Sources */,
				9CB6DD631C40F07AC1A7B9EA /* BreakroomViewModel.swift in Sources */,
				B57F768D5DB8E0B17D2D0903 /* ChatAPIService.swift in Sources */,
				A74769456CE90C1D9159FBF9 /* ChatListView.swift in Sources */,
				44D936346020D1B0CEE657B4 /* ChatModels.swift in Sources */,
				762344AAD5E2CB18B316FB87 /* ChatRoomView.swift in Sources */,
				FB2A34E96D094CD237F9DCD7 /* ChatViewModel.swift in Sources */,
				AE9E1A377A8F1FDC3E15AF40 /* ChatWidget.swift in Sources */,
				0D046B4F86428050CF3B7C82 /* ContentView.swift in Sources */,
				315DFD6BD2D5DD752F107FBC /* CreateRoomView.swift in Sources */,
				B903EFE34AE2CA79BD4C5100 /* EditRoomView.swift in Sources */,
				3B695D203E20F3B546773DB2 /* InviteUsersView.swift in Sources */,
				355A9AD47D937E0C3825C747 /* KeychainManager.swift in Sources */,
				0F3C797B8A50E4E0BC1D37EB /* LoginView.swift in Sources */,
				36B159C6E7FF0974FC237611 /* SignupView.swift in Sources */,
				446345F21ED087B5741FA337 /* SocketManager.swift in Sources */,
				FE1EF55A761C9A80859ABE56 /* User.swift in Sources */,
			);
			runOnlyForDeploymentPostprocessing = 0;
		};
/* End PBXSourcesBuildPhase section */

/* Begin XCBuildConfiguration section */
		4399F6ACCC78CA8A38D29F28 /* Release */ = {
			isa = XCBuildConfiguration;
			buildSettings = {
				ALWAYS_SEARCH_USER_PATHS = NO;
				CLANG_ANALYZER_NONNULL = YES;
				CLANG_ANALYZER_NUMBER_OBJECT_CONVERSION = YES_AGGRESSIVE;
				CLANG_CXX_LANGUAGE_STANDARD = "gnu++14";
				CLANG_CXX_LIBRARY = "libc++";
				CLANG_ENABLE_MODULES = YES;
				CLANG_ENABLE_OBJC_ARC = YES;
				CLANG_ENABLE_OBJC_WEAK = YES;
				CLANG_WARN_BLOCK_CAPTURE_AUTORELEASING = YES;
				CLANG_WARN_BOOL_CONVERSION = YES;
				CLANG_WARN_COMMA = YES;
				CLANG_WARN_CONSTANT_CONVERSION = YES;
				CLANG_WARN_DEPRECATED_OBJC_IMPLEMENTATIONS = YES;
				CLANG_WARN_DIRECT_OBJC_ISA_USAGE = YES_ERROR;
				CLANG_WARN_DOCUMENTATION_COMMENTS = YES;
				CLANG_WARN_EMPTY_BODY = YES;
				CLANG_WARN_ENUM_CONVERSION = YES;
				CLANG_WARN_INFINITE_RECURSION = YES;
				CLANG_WARN_INT_CONVERSION = YES;
				CLANG_WARN_NON_LITERAL_NULL_CONVERSION = YES;
				CLANG_WARN_OBJC_IMPLICIT_RETAIN_SELF = YES;
				CLANG_WARN_OBJC_LITERAL_CONVERSION = YES;
				CLANG_WARN_OBJC_ROOT_CLASS = YES_ERROR;
				CLANG_WARN_QUOTED_INCLUDE_IN_FRAMEWORK_HEADER = YES;
				CLANG_WARN_RANGE_LOOP_ANALYSIS = YES;
				CLANG_WARN_STRICT_PROTOTYPES = YES;
				CLANG_WARN_SUSPICIOUS_MOVE = YES;
				CLANG_WARN_UNGUARDED_AVAILABILITY = YES_AGGRESSIVE;
				CLANG_WARN_UNREACHABLE_CODE = YES;
				CLANG_WARN__DUPLICATE_METHOD_MATCH = YES;
				COPY_PHASE_STRIP = NO;
				DEBUG_INFORMATION_FORMAT = "dwarf-with-dsym";
				ENABLE_NS_ASSERTIONS = NO;
				ENABLE_STRICT_OBJC_MSGSEND = YES;
				GCC_C_LANGUAGE_STANDARD = gnu11;
				GCC_NO_COMMON_BLOCKS = YES;
				GCC_WARN_64_TO_32_BIT_CONVERSION = YES;
				GCC_WARN_ABOUT_RETURN_TYPE = YES_ERROR;
				GCC_WARN_UNDECLARED_SELECTOR = YES;
				GCC_WARN_UNINITIALIZED_AUTOS = YES_AGGRESSIVE;
				GCC_WARN_UNUSED_FUNCTION = YES;
				GCC_WARN_UNUSED_VARIABLE = YES;
				IPHONEOS_DEPLOYMENT_TARGET = 17.0;
				MTL_ENABLE_DEBUG_INFO = NO;
				MTL_FAST_MATH = YES;
				PRODUCT_NAME = "$(TARGET_NAME)";
				SDKROOT = iphoneos;
				SWIFT_COMPILATION_MODE = wholemodule;
				SWIFT_OPTIMIZATION_LEVEL = "-O";
				SWIFT_VERSION = 6.0;
			};
			name = Release;
		};
		7C9CF13AA02D7715949400C8 /* Debug */ = {
			isa = XCBuildConfiguration;
			buildSettings = {
				ALWAYS_SEARCH_USER_PATHS = NO;
				CLANG_ANALYZER_NONNULL = YES;
				CLANG_ANALYZER_NUMBER_OBJECT_CONVERSION = YES_AGGRESSIVE;
				CLANG_CXX_LANGUAGE_STANDARD = "gnu++14";
				CLANG_CXX_LIBRARY = "libc++";
				CLANG_ENABLE_MODULES = YES;
				CLANG_ENABLE_OBJC_ARC = YES;
				CLANG_ENABLE_OBJC_WEAK = YES;
				CLANG_WARN_BLOCK_CAPTURE_AUTORELEASING = YES;
				CLANG_WARN_BOOL_CONVERSION = YES;
				CLANG_WARN_COMMA = YES;
				CLANG_WARN_CONSTANT_CONVERSION = YES;
				CLANG_WARN_DEPRECATED_OBJC_IMPLEMENTATIONS = YES;
				CLANG_WARN_DIRECT_OBJC_ISA_USAGE = YES_ERROR;
				CLANG_WARN_DOCUMENTATION_COMMENTS = YES;
				CLANG_WARN_EMPTY_BODY = YES;
				CLANG_WARN_ENUM_CONVERSION = YES;
				CLANG_WARN_INFINITE_RECURSION = YES;
				CLANG_WARN_INT_CONVERSION = YES;
				CLANG_WARN_NON_LITERAL_NULL_CONVERSION = YES;
				CLANG_WARN_OBJC_IMPLICIT_RETAIN_SELF = YES;
				CLANG_WARN_OBJC_LITERAL_CONVERSION = YES;
				CLANG_WARN_OBJC_ROOT_CLASS = YES_ERROR;
				CLANG_WARN_QUOTED_INCLUDE_IN_FRAMEWORK_HEADER = YES;
				CLANG_WARN_RANGE_LOOP_ANALYSIS = YES;
				CLANG_WARN_STRICT_PROTOTYPES = YES;
				CLANG_WARN_SUSPICIOUS_MOVE = YES;
				CLANG_WARN_UNGUARDED_AVAILABILITY = YES_AGGRESSIVE;
				CLANG_WARN_UNREACHABLE_CODE = YES;
				CLANG_WARN__DUPLICATE_METHOD_MATCH = YES;
				COPY_PHASE_STRIP = NO;
				DEBUG_INFORMATION_FORMAT = dwarf;
				ENABLE_STRICT_OBJC_MSGSEND = YES;
				ENABLE_TESTABILITY = YES;
				GCC_C_LANGUAGE_STANDARD = gnu11;
				GCC_DYNAMIC_NO_PIC = NO;
				GCC_NO_COMMON_BLOCKS = YES;
				GCC_OPTIMIZATION_LEVEL = 0;
				GCC_PREPROCESSOR_DEFINITIONS = (
					"$(inherited)",
					"DEBUG=1",
				);
				GCC_WARN_64_TO_32_BIT_CONVERSION = YES;
				GCC_WARN_ABOUT_RETURN_TYPE = YES_ERROR;
				GCC_WARN_UNDECLARED_SELECTOR = YES;
				GCC_WARN_UNINITIALIZED_AUTOS = YES_AGGRESSIVE;
				GCC_WARN_UNUSED_FUNCTION = YES;
				GCC_WARN_UNUSED_VARIABLE = YES;
				IPHONEOS_DEPLOYMENT_TARGET = 17.0;
				MTL_ENABLE_DEBUG_INFO = INCLUDE_SOURCE;
				MTL_FAST_MATH = YES;
				ONLY_ACTIVE_ARCH = YES;
				PRODUCT_NAME = "$(TARGET_NAME)";
				SDKROOT = iphoneos;
				SWIFT_ACTIVE_COMPILATION_CONDITIONS = DEBUG;
				SWIFT_OPTIMIZATION_LEVEL = "-Onone";
				SWIFT_VERSION = 6.0;
			};
			name = Debug;
		};
		921651EB1CF246B4DC6495A9 /* Debug */ = {
			isa = XCBuildConfiguration;
			buildSettings = {
				ASSETCATALOG_COMPILER_APPICON_NAME = AppIcon;
				ASSETCATALOG_COMPILER_GLOBAL_ACCENT_COLOR_NAME = AccentColor;
				CODE_SIGN_IDENTITY = "Apple Development";
				CODE_SIGN_STYLE = Automatic;
				CURRENT_PROJECT_VERSION = 1;
				DEVELOPMENT_ASSET_PATHS = "\"Breakroom/Preview Content\"";
				ENABLE_PREVIEWS = YES;
				GENERATE_INFOPLIST_FILE = YES;
				INFOPLIST_GENERATION_MODE = GeneratedFile;
				INFOPLIST_KEY_UIApplicationSceneManifest_Generation = YES;
				INFOPLIST_KEY_UIApplicationSupportsIndirectInputEvents = YES;
				INFOPLIST_KEY_UILaunchScreen_Generation = YES;
				INFOPLIST_KEY_UISupportedInterfaceOrientations_iPad = "UIInterfaceOrientationPortrait UIInterfaceOrientationPortraitUpsideDown UIInterfaceOrientationLandscapeLeft UIInterfaceOrientationLandscapeRight";
				INFOPLIST_KEY_UISupportedInterfaceOrientations_iPhone = "UIInterfaceOrientationPortrait UIInterfaceOrientationLandscapeLeft UIInterfaceOrientationLandscapeRight";
				LD_RUNPATH_SEARCH_PATHS = (
					"$(inherited)",
					"@executable_path/Frameworks",
				);
				MARKETING_VERSION = 1.0.0;
				PRODUCT_BUNDLE_IDENTIFIER = com.cherryblossomdev.Breakroom;
				SDKROOT = iphoneos;
				SWIFT_ACTIVE_COMPILATION_CONDITIONS = DEBUG;
				TARGETED_DEVICE_FAMILY = "1,2";
			};
			name = Debug;
		};
		A804D468C3C11CDE473D47E4 /* Release */ = {
			isa = XCBuildConfiguration;
			buildSettings = {
				ASSETCATALOG_COMPILER_APPICON_NAME = AppIcon;
				ASSETCATALOG_COMPILER_GLOBAL_ACCENT_COLOR_NAME = AccentColor;
				CODE_SIGN_IDENTITY = "Apple Development";
				CODE_SIGN_STYLE = Automatic;
				CURRENT_PROJECT_VERSION = 1;
				DEVELOPMENT_ASSET_PATHS = "\"Breakroom/Preview Content\"";
				ENABLE_PREVIEWS = YES;
				GENERATE_INFOPLIST_FILE = YES;
				INFOPLIST_GENERATION_MODE = GeneratedFile;
				INFOPLIST_KEY_UIApplicationSceneManifest_Generation = YES;
				INFOPLIST_KEY_UIApplicationSupportsIndirectInputEvents = YES;
				INFOPLIST_KEY_UILaunchScreen_Generation = YES;
				INFOPLIST_KEY_UISupportedInterfaceOrientations_iPad = "UIInterfaceOrientationPortrait UIInterfaceOrientationPortraitUpsideDown UIInterfaceOrientationLandscapeLeft UIInterfaceOrientationLandscapeRight";
				INFOPLIST_KEY_UISupportedInterfaceOrientations_iPhone = "UIInterfaceOrientationPortrait UIInterfaceOrientationLandscapeLeft UIInterfaceOrientationLandscapeRight";
				LD_RUNPATH_SEARCH_PATHS = (
					"$(inherited)",
					"@executable_path/Frameworks",
				);
				MARKETING_VERSION = 1.0.0;
				PRODUCT_BUNDLE_IDENTIFIER = com.cherryblossomdev.Breakroom;
				SDKROOT = iphoneos;
				SWIFT_COMPILATION_MODE = wholemodule;
				TARGETED_DEVICE_FAMILY = "1,2";
			};
			name = Release;
		};
/* End XCBuildConfiguration section */

/* Begin XCConfigurationList section */
		73D00B7DE93FAA95A8A0BDBF /* Build configuration list for PBXNativeTarget "Breakroom" */ = {
			isa = XCConfigurationList;
			buildConfigurations = (
				921651EB1CF246B4DC6495A9 /* Debug */,
				A804D468C3C11CDE473D47E4 /* Release */,
			);
			defaultConfigurationIsVisible = 0;
			defaultConfigurationName = Debug;
		};
		F7416F31527A0C761CE216AB /* Build configuration list for PBXProject "Breakroom" */ = {
			isa = XCConfigurationList;
			buildConfigurations = (
				7C9CF13AA02D7715949400C8 /* Debug */,
				4399F6ACCC78CA8A38D29F28 /* Release */,
			);
			defaultConfigurationIsVisible = 0;
			defaultConfigurationName = Debug;
		};
/* End XCConfigurationList section */

/* Begin XCRemoteSwiftPackageReference section */
		DEBE64F5038E786E79222860 /* XCRemoteSwiftPackageReference "socket.io-client-swift" */ = {
			isa = XCRemoteSwiftPackageReference;
			repositoryURL = "https://github.com/socketio/socket.io-client-swift";
			requirement = {
				kind = exactVersion;
				version = 16.1.1;
			};
		};
/* End XCRemoteSwiftPackageReference section */

/* Begin XCSwiftPackageProductDependency section */
		05BB53121E6C9220E5091E05 /* SocketIO */ = {
			isa = XCSwiftPackageProductDependency;
			package = DEBE64F5038E786E79222860 /* XCRemoteSwiftPackageReference "socket.io-client-swift" */;
			productName = SocketIO;
		};
/* End XCSwiftPackageProductDependency section */
	};
	rootObject = C8A376CBF54D499631D4E426 /* Project object */;
}
